{
  "version": 4,
  "terraform_version": "1.0.10",
  "serial": 8,
  "lineage": "842fb9fd-b9bb-9d8b-24b1-c7cef4326ab9",
  "outputs": {
    "ip": {
      "value": "10.128.0.3",
      "type": "string"
    }
  },
  "resources": [
    {
      "mode": "managed",
      "type": "google_compute_instance",
      "name": "vm_instance",
      "provider": "provider[\"registry.terraform.io/hashicorp/google\"]",
      "instances": [
        {
          "schema_version": 6,
          "attributes": {
            "allow_stopping_for_update": null,
            "attached_disk": [],
            "boot_disk": [
              {
                "auto_delete": true,
                "device_name": "persistent-disk-0",
                "disk_encryption_key_raw": "",
                "disk_encryption_key_sha256": "",
                "initialize_params": [
                  {
                    "image": "https://www.googleapis.com/compute/v1/projects/debian-cloud/global/images/debian-9-stretch-v20211105",
                    "labels": {},
                    "size": 10,
                    "type": "pd-standard"
                  }
                ],
                "kms_key_self_link": "",
                "mode": "READ_WRITE",
                "source": "https://www.googleapis.com/compute/v1/projects/minun-projekti-3/zones/us-central1-c/disks/terraform-instance"
              }
            ],
            "can_ip_forward": false,
            "cpu_platform": "Intel Haswell",
            "deletion_protection": false,
            "description": "",
            "enable_display": false,
            "guest_accelerator": [],
            "hostname": "",
            "id": "projects/minun-projekti-3/zones/us-central1-c/instances/terraform-instance",
            "instance_id": "7903151174044697048",
            "label_fingerprint": "42WmSpB8rSM=",
            "labels": null,
            "machine_type": "f1-micro",
            "metadata": null,
            "metadata_fingerprint": "9N1obktpP54=",
            "metadata_startup_script": "",
            "min_cpu_platform": "",
            "name": "terraform-instance",
            "network_interface": [
              {
                "access_config": [
                  {
                    "nat_ip": "104.197.172.177",
                    "network_tier": "PREMIUM",
                    "public_ptr_domain_name": ""
                  }
                ],
                "alias_ip_range": [],
                "name": "nic0",
                "network": "https://www.googleapis.com/compute/v1/projects/minun-projekti-3/global/networks/terraform-network",
                "network_ip": "10.128.0.3",
                "subnetwork": "https://www.googleapis.com/compute/v1/projects/minun-projekti-3/regions/us-central1/subnetworks/terraform-network",
                "subnetwork_project": "minun-projekti-3"
              }
            ],
            "project": "minun-projekti-3",
            "scheduling": [
              {
                "automatic_restart": true,
                "node_affinities": [],
                "on_host_maintenance": "MIGRATE",
                "preemptible": false
              }
            ],
            "scratch_disk": [],
            "self_link": "https://www.googleapis.com/compute/v1/projects/minun-projekti-3/zones/us-central1-c/instances/terraform-instance",
            "service_account": [],
            "shielded_instance_config": [],
            "tags": [
              "dev",
              "web"
            ],
            "tags_fingerprint": "XaeQnaHMn9Y=",
            "timeouts": null,
            "zone": "us-central1-c"
          },
          "sensitive_attributes": [],
          "private": "eyJlMmJmYjczMC1lY2FhLTExZTYtOGY4OC0zNDM2M2JjN2M0YzAiOnsiY3JlYXRlIjoxMjAwMDAwMDAwMDAwLCJkZWxldGUiOjEyMDAwMDAwMDAwMDAsInVwZGF0ZSI6MTIwMDAwMDAwMDAwMH0sInNjaGVtYV92ZXJzaW9uIjoiNiJ9",
          "dependencies": [
            "google_compute_network.vpc_network"
          ]
        }
      ]
    },
    {
      "mode": "managed",
      "type": "google_compute_network",
      "name": "vpc_network",
      "provider": "provider[\"registry.terraform.io/hashicorp/google\"]",
      "instances": [
        {
          "schema_version": 0,
          "attributes": {
            "auto_create_subnetworks": true,
            "delete_default_routes_on_create": false,
            "description": "",
            "gateway_ipv4": "",
            "id": "projects/minun-projekti-3/global/networks/terraform-network",
            "ipv4_range": null,
            "name": "terraform-network",
            "project": "minun-projekti-3",
            "routing_mode": "REGIONAL",
            "self_link": "https://www.googleapis.com/compute/v1/projects/minun-projekti-3/global/networks/terraform-network",
            "timeouts": null
          },
          "sensitive_attributes": [],
          "private": "eyJlMmJmYjczMC1lY2FhLTExZTYtOGY4OC0zNDM2M2JjN2M0YzAiOnsiY3JlYXRlIjoyNDAwMDAwMDAwMDAsImRlbGV0ZSI6MjQwMDAwMDAwMDAwLCJ1cGRhdGUiOjI0MDAwMDAwMDAwMH19"
        }
      ]
    }
  ]
}
